
Microsoft Visual Studio Solution File, Format Version 12.00
# Visual Studio Version 16
VisualStudioVersion = 16.0.31321.278
MinimumVisualStudioVersion = 10.0.40219.1
Project("{FAE04EC0-301F-11D3-BF4B-00C04F79EFBC}") = "Objects_Houston_Morgan", "Objects_Houston_Morgan.csproj", "{F10421FD-F515-4768-9AAE-8F256A014D10}"
EndProject
Global
	GlobalSection(SolutionConfigurationPlatforms) = preSolution
		Debug|Any CPU = Debug|Any CPU
		Release|Any CPU = Release|Any CPU
	EndGlobalSection
	GlobalSection(ProjectConfigurationPlatforms) = postSolution
		{F10421FD-F515-4768-9AAE-8F256A014D10}.Debug|Any CPU.ActiveCfg = Debug|Any CPU
		{F10421FD-F515-4768-9AAE-8F256A014D10}.Debug|Any CPU.Build.0 = Debug|Any CPU
		{F10421FD-F515-4768-9AAE-8F256A014D10}.Release|Any CPU.ActiveCfg = Release|Any CPU
		{F10421FD-F515-4768-9AAE-8F256A014D10}.Release|Any CPU.Build.0 = Release|Any CPU
	EndGlobalSection
	GlobalSection(SolutionProperties) = preSolution
		HideSolutionNode = FALSE
	EndGlobalSection
	GlobalSection(ExtensibilityGlobals) = postSolution
		SolutionGuid = {39AC07AD-599F-4448-B77D-435B11EC4736}
	EndGlobalSection
EndGlobal
